// !$*UTF8*$!
{
	archiveVersion = 1;
	classes = {
	};
	objectVersion = 55;
	objects = {

/* Begin PBXBuildFile section */
		091E5BB03C34958396C12ECB /* Pods_GithubUsers.framework in Frameworks */ = {isa = PBXBuildFile; fileRef = 7B053257050E8EFA6F691DEA /* Pods_GithubUsers.framework */; };
		3B8D5A68273AE25C00EA4C7A /* AppDelegate.swift in Sources */ = {isa = PBXBuildFile; fileRef = 3B8D5A67273AE25C00EA4C7A /* AppDelegate.swift */; };
		3B8D5A6A273AE25C00EA4C7A /* SceneDelegate.swift in Sources */ = {isa = PBXBuildFile; fileRef = 3B8D5A69273AE25C00EA4C7A /* SceneDelegate.swift */; };
		3B8D5A71273AE25D00EA4C7A /* Assets.xcassets in Resources */ = {isa = PBXBuildFile; fileRef = 3B8D5A70273AE25D00EA4C7A /* Assets.xcassets */; };
		3B8D5A74273AE25D00EA4C7A /* LaunchScreen.storyboard in Resources */ = {isa = PBXBuildFile; fileRef = 3B8D5A72273AE25D00EA4C7A /* LaunchScreen.storyboard */; };
		3B8D5A7F273AE25D00EA4C7A /* GithubUsersTests.swift in Sources */ = {isa = PBXBuildFile; fileRef = 3B8D5A7E273AE25D00EA4C7A /* GithubUsersTests.swift */; };
		3B8D5A89273AE25D00EA4C7A /* GithubUsersUITests.swift in Sources */ = {isa = PBXBuildFile; fileRef = 3B8D5A88273AE25D00EA4C7A /* GithubUsersUITests.swift */; };
		3B8D5A8B273AE25D00EA4C7A /* GithubUsersUITestsLaunchTests.swift in Sources */ = {isa = PBXBuildFile; fileRef = 3B8D5A8A273AE25D00EA4C7A /* GithubUsersUITestsLaunchTests.swift */; };
		3B8D5A9F273AED6B00EA4C7A /* UserListViewController.swift in Sources */ = {isa = PBXBuildFile; fileRef = 3B8D5A9E273AED6B00EA4C7A /* UserListViewController.swift */; };
		6C6A8E1A9A1708BD0F7CA1D6 /* Pods_GithubUsers_GithubUsersUITests.framework in Frameworks */ = {isa = PBXBuildFile; fileRef = 784463D22D035B0206B72F00 /* Pods_GithubUsers_GithubUsersUITests.framework */; };
		A58CFE51765E4B7EF4381D9E /* Pods_GithubUsersTests.framework in Frameworks */ = {isa = PBXBuildFile; fileRef = 45C111CC11DEF6960F5B5260 /* Pods_GithubUsersTests.framework */; };
/* End PBXBuildFile section */

/* Begin PBXContainerItemProxy section */
		3B8D5A7B273AE25D00EA4C7A /* PBXContainerItemProxy */ = {
			isa = PBXContainerItemProxy;
			containerPortal = 3B8D5A5C273AE25C00EA4C7A /* Project object */;
			proxyType = 1;
			remoteGlobalIDString = 3B8D5A63273AE25C00EA4C7A;
			remoteInfo = GithubUsers;
		};
		3B8D5A85273AE25D00EA4C7A /* PBXContainerItemProxy */ = {
			isa = PBXContainerItemProxy;
			containerPortal = 3B8D5A5C273AE25C00EA4C7A /* Project object */;
			proxyType = 1;
			remoteGlobalIDString = 3B8D5A63273AE25C00EA4C7A;
			remoteInfo = GithubUsers;
		};
/* End PBXContainerItemProxy section */

/* Begin PBXFileReference section */
		27C36D2EF6D5C23CD7B700EB /* Pods-GithubUsers-GithubUsersUITests.debug.xcconfig */ = {isa = PBXFileReference; includeInIndex = 1; lastKnownFileType = text.xcconfig; name = "Pods-GithubUsers-GithubUsersUITests.debug.xcconfig"; path = "Target Support Files/Pods-GithubUsers-GithubUsersUITests/Pods-GithubUsers-GithubUsersUITests.debug.xcconfig"; sourceTree = "<group>"; };
		39023C09EF7EE244306AB86F /* Pods-GithubUsersTests.debug.xcconfig */ = {isa = PBXFileReference; includeInIndex = 1; lastKnownFileType = text.xcconfig; name = "Pods-GithubUsersTests.debug.xcconfig"; path = "Target Support Files/Pods-GithubUsersTests/Pods-GithubUsersTests.debug.xcconfig"; sourceTree = "<group>"; };
		3B8D5A64273AE25C00EA4C7A /* GithubUsers.app */ = {isa = PBXFileReference; explicitFileType = wrapper.application; includeInIndex = 0; path = GithubUsers.app; sourceTree = BUILT_PRODUCTS_DIR; };
		3B8D5A67273AE25C00EA4C7A /* AppDelegate.swift */ = {isa = PBXFileReference; lastKnownFileType = sourcecode.swift; path = AppDelegate.swift; sourceTree = "<group>"; };
		3B8D5A69273AE25C00EA4C7A /* SceneDelegate.swift */ = {isa = PBXFileReference; lastKnownFileType = sourcecode.swift; path = SceneDelegate.swift; sourceTree = "<group>"; };
		3B8D5A70273AE25D00EA4C7A /* Assets.xcassets */ = {isa = PBXFileReference; lastKnownFileType = folder.assetcatalog; path = Assets.xcassets; sourceTree = "<group>"; };
		3B8D5A73273AE25D00EA4C7A /* Base */ = {isa = PBXFileReference; lastKnownFileType = file.storyboard; name = Base; path = Base.lproj/LaunchScreen.storyboard; sourceTree = "<group>"; };
		3B8D5A75273AE25D00EA4C7A /* Info.plist */ = {isa = PBXFileReference; lastKnownFileType = text.plist.xml; path = Info.plist; sourceTree = "<group>"; };
		3B8D5A7A273AE25D00EA4C7A /* GithubUsersTests.xctest */ = {isa = PBXFileReference; explicitFileType = wrapper.cfbundle; includeInIndex = 0; path = GithubUsersTests.xctest; sourceTree = BUILT_PRODUCTS_DIR; };
		3B8D5A7E273AE25D00EA4C7A /* GithubUsersTests.swift */ = {isa = PBXFileReference; lastKnownFileType = sourcecode.swift; path = GithubUsersTests.swift; sourceTree = "<group>"; };
		3B8D5A84273AE25D00EA4C7A /* GithubUsersUITests.xctest */ = {isa = PBXFileReference; explicitFileType = wrapper.cfbundle; includeInIndex = 0; path = GithubUsersUITests.xctest; sourceTree = BUILT_PRODUCTS_DIR; };
		3B8D5A88273AE25D00EA4C7A /* GithubUsersUITests.swift */ = {isa = PBXFileReference; lastKnownFileType = sourcecode.swift; path = GithubUsersUITests.swift; sourceTree = "<group>"; };
		3B8D5A8A273AE25D00EA4C7A /* GithubUsersUITestsLaunchTests.swift */ = {isa = PBXFileReference; lastKnownFileType = sourcecode.swift; path = GithubUsersUITestsLaunchTests.swift; sourceTree = "<group>"; };
		3B8D5A9E273AED6B00EA4C7A /* UserListViewController.swift */ = {isa = PBXFileReference; lastKnownFileType = sourcecode.swift; path = UserListViewController.swift; sourceTree = "<group>"; };
		45C111CC11DEF6960F5B5260 /* Pods_GithubUsersTests.framework */ = {isa = PBXFileReference; explicitFileType = wrapper.framework; includeInIndex = 0; path = Pods_GithubUsersTests.framework; sourceTree = BUILT_PRODUCTS_DIR; };
		4ED996C659DB04894066D240 /* Pods-GithubUsers-GithubUsersUITests.release.xcconfig */ = {isa = PBXFileReference; includeInIndex = 1; lastKnownFileType = text.xcconfig; name = "Pods-GithubUsers-GithubUsersUITests.release.xcconfig"; path = "Target Support Files/Pods-GithubUsers-GithubUsersUITests/Pods-GithubUsers-GithubUsersUITests.release.xcconfig"; sourceTree = "<group>"; };
		784463D22D035B0206B72F00 /* Pods_GithubUsers_GithubUsersUITests.framework */ = {isa = PBXFileReference; explicitFileType = wrapper.framework; includeInIndex = 0; path = Pods_GithubUsers_GithubUsersUITests.framework; sourceTree = BUILT_PRODUCTS_DIR; };
		7B053257050E8EFA6F691DEA /* Pods_GithubUsers.framework */ = {isa = PBXFileReference; explicitFileType = wrapper.framework; includeInIndex = 0; path = Pods_GithubUsers.framework; sourceTree = BUILT_PRODUCTS_DIR; };
		BDD460A7A6F7360FF28E60A3 /* Pods-GithubUsers.release.xcconfig */ = {isa = PBXFileReference; includeInIndex = 1; lastKnownFileType = text.xcconfig; name = "Pods-GithubUsers.release.xcconfig"; path = "Target Support Files/Pods-GithubUsers/Pods-GithubUsers.release.xcconfig"; sourceTree = "<group>"; };
		CE6464C98A083382895BA17D /* Pods-GithubUsers.debug.xcconfig */ = {isa = PBXFileReference; includeInIndex = 1; lastKnownFileType = text.xcconfig; name = "Pods-GithubUsers.debug.xcconfig"; path = "Target Support Files/Pods-GithubUsers/Pods-GithubUsers.debug.xcconfig"; sourceTree = "<group>"; };
		DD46944840C8FCF7B422F1CA /* Pods-GithubUsersTests.release.xcconfig */ = {isa = PBXFileReference; includeInIndex = 1; lastKnownFileType = text.xcconfig; name = "Pods-GithubUsersTests.release.xcconfig"; path = "Target Support Files/Pods-GithubUsersTests/Pods-GithubUsersTests.release.xcconfig"; sourceTree = "<group>"; };
/* End PBXFileReference section */

/* Begin PBXFrameworksBuildPhase section */
		3B8D5A61273AE25C00EA4C7A /* Frameworks */ = {
			isa = PBXFrameworksBuildPhase;
			buildActionMask = 2147483647;
			files = (
				091E5BB03C34958396C12ECB /* Pods_GithubUsers.framework in Frameworks */,
			);
			runOnlyForDeploymentPostprocessing = 0;
		};
		3B8D5A77273AE25D00EA4C7A /* Frameworks */ = {
			isa = PBXFrameworksBuildPhase;
			buildActionMask = 2147483647;
			files = (
				A58CFE51765E4B7EF4381D9E /* Pods_GithubUsersTests.framework in Frameworks */,
			);
			runOnlyForDeploymentPostprocessing = 0;
		};
		3B8D5A81273AE25D00EA4C7A /* Frameworks */ = {
			isa = PBXFrameworksBuildPhase;
			buildActionMask = 2147483647;
			files = (
				6C6A8E1A9A1708BD0F7CA1D6 /* Pods_GithubUsers_GithubUsersUITests.framework in Frameworks */,
			);
			runOnlyForDeploymentPostprocessing = 0;
		};
/* End PBXFrameworksBuildPhase section */

/* Begin PBXGroup section */
		3B8D5A5B273AE25C00EA4C7A = {
			isa = PBXGroup;
			children = (
				3B8D5A66273AE25C00EA4C7A /* GithubUsers */,
				3B8D5A7D273AE25D00EA4C7A /* GithubUsersTests */,
				3B8D5A87273AE25D00EA4C7A /* GithubUsersUITests */,
				3B8D5A65273AE25C00EA4C7A /* Products */,
				9A3DD49292C6739791F2AA90 /* Pods */,
				F3D2FF22ECA647BC95A8AD36 /* Frameworks */,
			);
			sourceTree = "<group>";
		};
		3B8D5A65273AE25C00EA4C7A /* Products */ = {
			isa = PBXGroup;
			children = (
				3B8D5A64273AE25C00EA4C7A /* GithubUsers.app */,
				3B8D5A7A273AE25D00EA4C7A /* GithubUsersTests.xctest */,
				3B8D5A84273AE25D00EA4C7A /* GithubUsersUITests.xctest */,
			);
			name = Products;
			sourceTree = "<group>";
		};
		3B8D5A66273AE25C00EA4C7A /* GithubUsers */ = {
			isa = PBXGroup;
			children = (
				3B8D5A67273AE25C00EA4C7A /* AppDelegate.swift */,
				3B8D5A69273AE25C00EA4C7A /* SceneDelegate.swift */,
				3B8D5A99273AECEF00EA4C7A /* Network */,
				3B8D5A98273AECEB00EA4C7A /* Model */,
				3B8D5A9A273AECF600EA4C7A /* Modules */,
				3B8D5A9B273AECFC00EA4C7A /* Utilities */,
				3B8D5A9D273AED2D00EA4C7A /* Supporting Files */,
				3B8D5A75273AE25D00EA4C7A /* Info.plist */,
			);
			path = GithubUsers;
			sourceTree = "<group>";
		};
		3B8D5A7D273AE25D00EA4C7A /* GithubUsersTests */ = {
			isa = PBXGroup;
			children = (
				3B8D5A7E273AE25D00EA4C7A /* GithubUsersTests.swift */,
			);
			path = GithubUsersTests;
			sourceTree = "<group>";
		};
		3B8D5A87273AE25D00EA4C7A /* GithubUsersUITests */ = {
			isa = PBXGroup;
			children = (
				3B8D5A88273AE25D00EA4C7A /* GithubUsersUITests.swift */,
				3B8D5A8A273AE25D00EA4C7A /* GithubUsersUITestsLaunchTests.swift */,
			);
			path = GithubUsersUITests;
			sourceTree = "<group>";
		};
		3B8D5A98273AECEB00EA4C7A /* Model */ = {
			isa = PBXGroup;
			children = (
			);
			path = Model;
			sourceTree = "<group>";
		};
		3B8D5A99273AECEF00EA4C7A /* Network */ = {
			isa = PBXGroup;
			children = (
			);
			path = Network;
			sourceTree = "<group>";
		};
		3B8D5A9A273AECF600EA4C7A /* Modules */ = {
			isa = PBXGroup;
			children = (
				3B8D5A9C273AED0800EA4C7A /* UserList */,
			);
			path = Modules;
			sourceTree = "<group>";
		};
		3B8D5A9B273AECFC00EA4C7A /* Utilities */ = {
			isa = PBXGroup;
			children = (
			);
			path = Utilities;
			sourceTree = "<group>";
		};
		3B8D5A9C273AED0800EA4C7A /* UserList */ = {
			isa = PBXGroup;
			children = (
				3B8D5A9E273AED6B00EA4C7A /* UserListViewController.swift */,
			);
			path = UserList;
			sourceTree = "<group>";
		};
		3B8D5A9D273AED2D00EA4C7A /* Supporting Files */ = {
			isa = PBXGroup;
			children = (
				3B8D5A72273AE25D00EA4C7A /* LaunchScreen.storyboard */,
				3B8D5A70273AE25D00EA4C7A /* Assets.xcassets */,
			);
			path = "Supporting Files";
			sourceTree = "<group>";
		};
		9A3DD49292C6739791F2AA90 /* Pods */ = {
			isa = PBXGroup;
			children = (
				CE6464C98A083382895BA17D /* Pods-GithubUsers.debug.xcconfig */,
				BDD460A7A6F7360FF28E60A3 /* Pods-GithubUsers.release.xcconfig */,
				27C36D2EF6D5C23CD7B700EB /* Pods-GithubUsers-GithubUsersUITests.debug.xcconfig */,
				4ED996C659DB04894066D240 /* Pods-GithubUsers-GithubUsersUITests.release.xcconfig */,
				39023C09EF7EE244306AB86F /* Pods-GithubUsersTests.debug.xcconfig */,
				DD46944840C8FCF7B422F1CA /* Pods-GithubUsersTests.release.xcconfig */,
			);
			path = Pods;
			sourceTree = "<group>";
		};
		F3D2FF22ECA647BC95A8AD36 /* Frameworks */ = {
			isa = PBXGroup;
			children = (
				7B053257050E8EFA6F691DEA /* Pods_GithubUsers.framework */,
				784463D22D035B0206B72F00 /* Pods_GithubUsers_GithubUsersUITests.framework */,
				45C111CC11DEF6960F5B5260 /* Pods_GithubUsersTests.framework */,
			);
			name = Frameworks;
			sourceTree = "<group>";
		};
/* End PBXGroup section */

/* Begin PBXNativeTarget section */
		3B8D5A63273AE25C00EA4C7A /* GithubUsers */ = {
			isa = PBXNativeTarget;
			buildConfigurationList = 3B8D5A8E273AE25D00EA4C7A /* Build configuration list for PBXNativeTarget "GithubUsers" */;
			buildPhases = (
				4F73DA527005412E15CF957D /* [CP] Check Pods Manifest.lock */,
				3B8D5A97273AE75C00EA4C7A /* [SwiftFormat] Run Script */,
				3B8D5A60273AE25C00EA4C7A /* Sources */,
				3B8D5A61273AE25C00EA4C7A /* Frameworks */,
				3B8D5A62273AE25C00EA4C7A /* Resources */,
				5AD89560ECE5CB1D79A68E6E /* [CP] Embed Pods Frameworks */,
			);
			buildRules = (
			);
			dependencies = (
			);
			name = GithubUsers;
			productName = GithubUsers;
			productReference = 3B8D5A64273AE25C00EA4C7A /* GithubUsers.app */;
			productType = "com.apple.product-type.application";
		};
		3B8D5A79273AE25D00EA4C7A /* GithubUsersTests */ = {
			isa = PBXNativeTarget;
			buildConfigurationList = 3B8D5A91273AE25D00EA4C7A /* Build configuration list for PBXNativeTarget "GithubUsersTests" */;
			buildPhases = (
				A4CF8A571B77B6A3F6DD7AC3 /* [CP] Check Pods Manifest.lock */,
				3B8D5A76273AE25D00EA4C7A /* Sources */,
				3B8D5A77273AE25D00EA4C7A /* Frameworks */,
				3B8D5A78273AE25D00EA4C7A /* Resources */,
				AE7A4E595394A39D51AE6756 /* [CP] Embed Pods Frameworks */,
			);
			buildRules = (
			);
			dependencies = (
				3B8D5A7C273AE25D00EA4C7A /* PBXTargetDependency */,
			);
			name = GithubUsersTests;
			productName = GithubUsersTests;
			productReference = 3B8D5A7A273AE25D00EA4C7A /* GithubUsersTests.xctest */;
			productType = "com.apple.product-type.bundle.unit-test";
		};
		3B8D5A83273AE25D00EA4C7A /* GithubUsersUITests */ = {
			isa = PBXNativeTarget;
			buildConfigurationList = 3B8D5A94273AE25D00EA4C7A /* Build configuration list for PBXNativeTarget "GithubUsersUITests" */;
			buildPhases = (
				80526629D91E8B16C11DBBF9 /* [CP] Check Pods Manifest.lock */,
				3B8D5A80273AE25D00EA4C7A /* Sources */,
				3B8D5A81273AE25D00EA4C7A /* Frameworks */,
				3B8D5A82273AE25D00EA4C7A /* Resources */,
				6E3EDD623D688570CB15F93C /* [CP] Embed Pods Frameworks */,
			);
			buildRules = (
			);
			dependencies = (
				3B8D5A86273AE25D00EA4C7A /* PBXTargetDependency */,
			);
			name = GithubUsersUITests;
			productName = GithubUsersUITests;
			productReference = 3B8D5A84273AE25D00EA4C7A /* GithubUsersUITests.xctest */;
			productType = "com.apple.product-type.bundle.ui-testing";
		};
/* End PBXNativeTarget section */

/* Begin PBXProject section */
		3B8D5A5C273AE25C00EA4C7A /* Project object */ = {
			isa = PBXProject;
			attributes = {
				BuildIndependentTargetsInParallel = 1;
				LastSwiftUpdateCheck = 1310;
				LastUpgradeCheck = 1310;
				TargetAttributes = {
					3B8D5A63273AE25C00EA4C7A = {
						CreatedOnToolsVersion = 13.1;
					};
					3B8D5A79273AE25D00EA4C7A = {
						CreatedOnToolsVersion = 13.1;
						TestTargetID = 3B8D5A63273AE25C00EA4C7A;
					};
					3B8D5A83273AE25D00EA4C7A = {
						CreatedOnToolsVersion = 13.1;
						TestTargetID = 3B8D5A63273AE25C00EA4C7A;
					};
				};
			};
			buildConfigurationList = 3B8D5A5F273AE25C00EA4C7A /* Build configuration list for PBXProject "GithubUsers" */;
			compatibilityVersion = "Xcode 13.0";
			developmentRegion = en;
			hasScannedForEncodings = 0;
			knownRegions = (
				en,
				Base,
			);
			mainGroup = 3B8D5A5B273AE25C00EA4C7A;
			productRefGroup = 3B8D5A65273AE25C00EA4C7A /* Products */;
			projectDirPath = "";
			projectRoot = "";
			targets = (
				3B8D5A63273AE25C00EA4C7A /* GithubUsers */,
				3B8D5A79273AE25D00EA4C7A /* GithubUsersTests */,
				3B8D5A83273AE25D00EA4C7A /* GithubUsersUITests */,
			);
		};
/* End PBXProject section */

/* Begin PBXResourcesBuildPhase section */
		3B8D5A62273AE25C00EA4C7A /* Resources */ = {
			isa = PBXResourcesBuildPhase;
			buildActionMask = 2147483647;
			files = (
				3B8D5A74273AE25D00EA4C7A /* LaunchScreen.storyboard in Resources */,
				3B8D5A71273AE25D00EA4C7A /* Assets.xcassets in Resources */,
			);
			runOnlyForDeploymentPostprocessing = 0;
		};
		3B8D5A78273AE25D00EA4C7A /* Resources */ = {
			isa = PBXResourcesBuildPhase;
			buildActionMask = 2147483647;
			files = (
			);
			runOnlyForDeploymentPostprocessing = 0;
		};
		3B8D5A82273AE25D00EA4C7A /* Resources */ = {
			isa = PBXResourcesBuildPhase;
			buildActionMask = 2147483647;
			files = (
			);
			runOnlyForDeploymentPostprocessing = 0;
		};
/* End PBXResourcesBuildPhase section */

/* Begin PBXShellScriptBuildPhase section */
		3B8D5A97273AE75C00EA4C7A /* [SwiftFormat] Run Script */ = {
			isa = PBXShellScriptBuildPhase;
			buildActionMask = 2147483647;
			files = (
			);
			inputFileListPaths = (
			);
			inputPaths = (
			);
			name = "[SwiftFormat] Run Script";
			outputFileListPaths = (
			);
			outputPaths = (
			);
			runOnlyForDeploymentPostprocessing = 0;
			shellPath = /bin/sh;
			shellScript = "\"${PODS_ROOT}/SwiftFormat/CommandLineTool/swiftformat\" \"$SRCROOT\"\n";
		};
		4F73DA527005412E15CF957D /* [CP] Check Pods Manifest.lock */ = {
			isa = PBXShellScriptBuildPhase;
			buildActionMask = 2147483647;
			files = (
			);
			inputFileListPaths = (
			);
			inputPaths = (
				"${PODS_PODFILE_DIR_PATH}/Podfile.lock",
				"${PODS_ROOT}/Manifest.lock",
			);
			name = "[CP] Check Pods Manifest.lock";
			outputFileListPaths = (
			);
			outputPaths = (
				"$(DERIVED_FILE_DIR)/Pods-GithubUsers-checkManifestLockResult.txt",
			);
			runOnlyForDeploymentPostprocessing = 0;
			shellPath = /bin/sh;
			shellScript = "diff \"${PODS_PODFILE_DIR_PATH}/Podfile.lock\" \"${PODS_ROOT}/Manifest.lock\" > /dev/null\nif [ $? != 0 ] ; then\n    # print error to STDERR\n    echo \"error: The sandbox is not in sync with the Podfile.lock. Run 'pod install' or update your CocoaPods installation.\" >&2\n    exit 1\nfi\n# This output is used by Xcode 'outputs' to avoid re-running this script phase.\necho \"SUCCESS\" > \"${SCRIPT_OUTPUT_FILE_0}\"\n";
			showEnvVarsInLog = 0;
		};
		5AD89560ECE5CB1D79A68E6E /* [CP] Embed Pods Frameworks */ = {
			isa = PBXShellScriptBuildPhase;
			buildActionMask = 2147483647;
			files = (
			);
			inputFileListPaths = (
				"${PODS_ROOT}/Target Support Files/Pods-GithubUsers/Pods-GithubUsers-frameworks-${CONFIGURATION}-input-files.xcfilelist",
			);
			name = "[CP] Embed Pods Frameworks";
			outputFileListPaths = (
				"${PODS_ROOT}/Target Support Files/Pods-GithubUsers/Pods-GithubUsers-frameworks-${CONFIGURATION}-output-files.xcfilelist",
			);
			runOnlyForDeploymentPostprocessing = 0;
			shellPath = /bin/sh;
			shellScript = "\"${PODS_ROOT}/Target Support Files/Pods-GithubUsers/Pods-GithubUsers-frameworks.sh\"\n";
			showEnvVarsInLog = 0;
		};
		6E3EDD623D688570CB15F93C /* [CP] Embed Pods Frameworks */ = {
			isa = PBXShellScriptBuildPhase;
			buildActionMask = 2147483647;
			files = (
			);
			inputFileListPaths = (
				"${PODS_ROOT}/Target Support Files/Pods-GithubUsers-GithubUsersUITests/Pods-GithubUsers-GithubUsersUITests-frameworks-${CONFIGURATION}-input-files.xcfilelist",
			);
			name = "[CP] Embed Pods Frameworks";
			outputFileListPaths = (
				"${PODS_ROOT}/Target Support Files/Pods-GithubUsers-GithubUsersUITests/Pods-GithubUsers-GithubUsersUITests-frameworks-${CONFIGURATION}-output-files.xcfilelist",
			);
			runOnlyForDeploymentPostprocessing = 0;
			shellPath = /bin/sh;
			shellScript = "\"${PODS_ROOT}/Target Support Files/Pods-GithubUsers-GithubUsersUITests/Pods-GithubUsers-GithubUsersUITests-frameworks.sh\"\n";
			showEnvVarsInLog = 0;
		};
		80526629D91E8B16C11DBBF9 /* [CP] Check Pods Manifest.lock */ = {
			isa = PBXShellScriptBuildPhase;
			buildActionMask = 2147483647;
			files = (
			);
			inputFileListPaths = (
			);
			inputPaths = (
				"${PODS_PODFILE_DIR_PATH}/Podfile.lock",
				"${PODS_ROOT}/Manifest.lock",
			);
			name = "[CP] Check Pods Manifest.lock";
			outputFileListPaths = (
			);
			outputPaths = (
				"$(DERIVED_FILE_DIR)/Pods-GithubUsers-GithubUsersUITests-checkManifestLockResult.txt",
			);
			runOnlyForDeploymentPostprocessing = 0;
			shellPath = /bin/sh;
			shellScript = "diff \"${PODS_PODFILE_DIR_PATH}/Podfile.lock\" \"${PODS_ROOT}/Manifest.lock\" > /dev/null\nif [ $? != 0 ] ; then\n    # print error to STDERR\n    echo \"error: The sandbox is not in sync with the Podfile.lock. Run 'pod install' or update your CocoaPods installation.\" >&2\n    exit 1\nfi\n# This output is used by Xcode 'outputs' to avoid re-running this script phase.\necho \"SUCCESS\" > \"${SCRIPT_OUTPUT_FILE_0}\"\n";
			showEnvVarsInLog = 0;
		};
		A4CF8A571B77B6A3F6DD7AC3 /* [CP] Check Pods Manifest.lock */ = {
			isa = PBXShellScriptBuildPhase;
			buildActionMask = 2147483647;
			files = (
			);
			inputFileListPaths = (
			);
			inputPaths = (
				"${PODS_PODFILE_DIR_PATH}/Podfile.lock",
				"${PODS_ROOT}/Manifest.lock",
			);
			name = "[CP] Check Pods Manifest.lock";
			outputFileListPaths = (
			);
			outputPaths = (
				"$(DERIVED_FILE_DIR)/Pods-GithubUsersTests-checkManifestLockResult.txt",
			);
			runOnlyForDeploymentPostprocessing = 0;
			shellPath = /bin/sh;
			shellScript = "diff \"${PODS_PODFILE_DIR_PATH}/Podfile.lock\" \"${PODS_ROOT}/Manifest.lock\" > /dev/null\nif [ $? != 0 ] ; then\n    # print error to STDERR\n    echo \"error: The sandbox is not in sync with the Podfile.lock. Run 'pod install' or update your CocoaPods installation.\" >&2\n    exit 1\nfi\n# This output is used by Xcode 'outputs' to avoid re-running this script phase.\necho \"SUCCESS\" > \"${SCRIPT_OUTPUT_FILE_0}\"\n";
			showEnvVarsInLog = 0;
		};
		AE7A4E595394A39D51AE6756 /* [CP] Embed Pods Frameworks */ = {
			isa = PBXShellScriptBuildPhase;
			buildActionMask = 2147483647;
			files = (
			);
			inputFileListPaths = (
				"${PODS_ROOT}/Target Support Files/Pods-GithubUsersTests/Pods-GithubUsersTests-frameworks-${CONFIGURATION}-input-files.xcfilelist",
			);
			name = "[CP] Embed Pods Frameworks";
			outputFileListPaths = (
				"${PODS_ROOT}/Target Support Files/Pods-GithubUsersTests/Pods-GithubUsersTests-frameworks-${CONFIGURATION}-output-files.xcfilelist",
			);
			runOnlyForDeploymentPostprocessing = 0;
			shellPath = /bin/sh;
			shellScript = "\"${PODS_ROOT}/Target Support Files/Pods-GithubUsersTests/Pods-GithubUsersTests-frameworks.sh\"\n";
			showEnvVarsInLog = 0;
		};
/* End PBXShellScriptBuildPhase section */

/* Begin PBXSourcesBuildPhase section */
		3B8D5A60273AE25C00EA4C7A /* Sources */ = {
			isa = PBXSourcesBuildPhase;
			buildActionMask = 2147483647;
			files = (
				3B8D5A68273AE25C00EA4C7A /* AppDelegate.swift in Sources */,
				3B8D5A6A273AE25C00EA4C7A /* SceneDelegate.swift in Sources */,
				3B8D5A9F273AED6B00EA4C7A /* UserListViewController.swift in Sources */,
			);
			runOnlyForDeploymentPostprocessing = 0;
		};
		3B8D5A76273AE25D00EA4C7A /* Sources */ = {
			isa = PBXSourcesBuildPhase;
			buildActionMask = 2147483647;
			files = (
				3B8D5A7F273AE25D00EA4C7A /* GithubUsersTests.swift in Sources */,
			);
			runOnlyForDeploymentPostprocessing = 0;
		};
		3B8D5A80273AE25D00EA4C7A /* Sources */ = {
			isa = PBXSourcesBuildPhase;
			buildActionMask = 2147483647;
			files = (
				3B8D5A8B273AE25D00EA4C7A /* GithubUsersUITestsLaunchTests.swift in Sources */,
				3B8D5A89273AE25D00EA4C7A /* GithubUsersUITests.swift in Sources */,
			);
			runOnlyForDeploymentPostprocessing = 0;
		};
/* End PBXSourcesBuildPhase section */

/* Begin PBXTargetDependency section */
		3B8D5A7C273AE25D00EA4C7A /* PBXTargetDependency */ = {
			isa = PBXTargetDependency;
			target = 3B8D5A63273AE25C00EA4C7A /* GithubUsers */;
			targetProxy = 3B8D5A7B273AE25D00EA4C7A /* PBXContainerItemProxy */;
		};
		3B8D5A86273AE25D00EA4C7A /* PBXTargetDependency */ = {
			isa = PBXTargetDependency;
			target = 3B8D5A63273AE25C00EA4C7A /* GithubUsers */;
			targetProxy = 3B8D5A85273AE25D00EA4C7A /* PBXContainerItemProxy */;
		};
/* End PBXTargetDependency section */

/* Begin PBXVariantGroup section */
		3B8D5A72273AE25D00EA4C7A /* LaunchScreen.storyboard */ = {
			isa = PBXVariantGroup;
			children = (
				3B8D5A73273AE25D00EA4C7A /* Base */,
			);
			name = LaunchScreen.storyboard;
			sourceTree = "<group>";
		};
/* End PBXVariantGroup section */

/* Begin XCBuildConfiguration section */
		3B8D5A8C273AE25D00EA4C7A /* Debug */ = {
			isa = XCBuildConfiguration;
			buildSettings = {
				ALWAYS_SEARCH_USER_PATHS = NO;
				CLANG_ANALYZER_NONNULL = YES;
				CLANG_ANALYZER_NUMBER_OBJECT_CONVERSION = YES_AGGRESSIVE;
				CLANG_CXX_LANGUAGE_STANDARD = "gnu++17";
				CLANG_CXX_LIBRARY = "libc++";
				CLANG_ENABLE_MODULES = YES;
				CLANG_ENABLE_OBJC_ARC = YES;
				CLANG_ENABLE_OBJC_WEAK = YES;
				CLANG_WARN_BLOCK_CAPTURE_AUTORELEASING = YES;
				CLANG_WARN_BOOL_CONVERSION = YES;
				CLANG_WARN_COMMA = YES;
				CLANG_WARN_CONSTANT_CONVERSION = YES;
				CLANG_WARN_DEPRECATED_OBJC_IMPLEMENTATIONS = YES;
				CLANG_WARN_DIRECT_OBJC_ISA_USAGE = YES_ERROR;
				CLANG_WARN_DOCUMENTATION_COMMENTS = YES;
				CLANG_WARN_EMPTY_BODY = YES;
				CLANG_WARN_ENUM_CONVERSION = YES;
				CLANG_WARN_INFINITE_RECURSION = YES;
				CLANG_WARN_INT_CONVERSION = YES;
				CLANG_WARN_NON_LITERAL_NULL_CONVERSION = YES;
				CLANG_WARN_OBJC_IMPLICIT_RETAIN_SELF = YES;
				CLANG_WARN_OBJC_LITERAL_CONVERSION = YES;
				CLANG_WARN_OBJC_ROOT_CLASS = YES_ERROR;
				CLANG_WARN_QUOTED_INCLUDE_IN_FRAMEWORK_HEADER = YES;
				CLANG_WARN_RANGE_LOOP_ANALYSIS = YES;
				CLANG_WARN_STRICT_PROTOTYPES = YES;
				CLANG_WARN_SUSPICIOUS_MOVE = YES;
				CLANG_WARN_UNGUARDED_AVAILABILITY = YES_AGGRESSIVE;
				CLANG_WARN_UNREACHABLE_CODE = YES;
				CLANG_WARN__DUPLICATE_METHOD_MATCH = YES;
				COPY_PHASE_STRIP = NO;
				DEBUG_INFORMATION_FORMAT = dwarf;
				ENABLE_STRICT_OBJC_MSGSEND = YES;
				ENABLE_TESTABILITY = YES;
				GCC_C_LANGUAGE_STANDARD = gnu11;
				GCC_DYNAMIC_NO_PIC = NO;
				GCC_NO_COMMON_BLOCKS = YES;
				GCC_OPTIMIZATION_LEVEL = 0;
				GCC_PREPROCESSOR_DEFINITIONS = (
					"DEBUG=1",
					"$(inherited)",
				);
				GCC_WARN_64_TO_32_BIT_CONVERSION = YES;
				GCC_WARN_ABOUT_RETURN_TYPE = YES_ERROR;
				GCC_WARN_UNDECLARED_SELECTOR = YES;
				GCC_WARN_UNINITIALIZED_AUTOS = YES_AGGRESSIVE;
				GCC_WARN_UNUSED_FUNCTION = YES;
				GCC_WARN_UNUSED_VARIABLE = YES;
				IPHONEOS_DEPLOYMENT_TARGET = 15.0;
				MTL_ENABLE_DEBUG_INFO = INCLUDE_SOURCE;
				MTL_FAST_MATH = YES;
				ONLY_ACTIVE_ARCH = YES;
				SDKROOT = iphoneos;
				SWIFT_ACTIVE_COMPILATION_CONDITIONS = DEBUG;
				SWIFT_OPTIMIZATION_LEVEL = "-Onone";
			};
			name = Debug;
		};
		3B8D5A8D273AE25D00EA4C7A /* Release */ = {
			isa = XCBuildConfiguration;
			buildSettings = {
				ALWAYS_SEARCH_USER_PATHS = NO;
				CLANG_ANALYZER_NONNULL = YES;
				CLANG_ANALYZER_NUMBER_OBJECT_CONVERSION = YES_AGGRESSIVE;
				CLANG_CXX_LANGUAGE_STANDARD = "gnu++17";
				CLANG_CXX_LIBRARY = "libc++";
				CLANG_ENABLE_MODULES = YES;
				CLANG_ENABLE_OBJC_ARC = YES;
				CLANG_ENABLE_OBJC_WEAK = YES;
				CLANG_WARN_BLOCK_CAPTURE_AUTORELEASING = YES;
				CLANG_WARN_BOOL_CONVERSION = YES;
				CLANG_WARN_COMMA = YES;
				CLANG_WARN_CONSTANT_CONVERSION = YES;
				CLANG_WARN_DEPRECATED_OBJC_IMPLEMENTATIONS = YES;
				CLANG_WARN_DIRECT_OBJC_ISA_USAGE = YES_ERROR;
				CLANG_WARN_DOCUMENTATION_COMMENTS = YES;
				CLANG_WARN_EMPTY_BODY = YES;
				CLANG_WARN_ENUM_CONVERSION = YES;
				CLANG_WARN_INFINITE_RECURSION = YES;
				CLANG_WARN_INT_CONVERSION = YES;
				CLANG_WARN_NON_LITERAL_NULL_CONVERSION = YES;
				CLANG_WARN_OBJC_IMPLICIT_RETAIN_SELF = YES;
				CLANG_WARN_OBJC_LITERAL_CONVERSION = YES;
				CLANG_WARN_OBJC_ROOT_CLASS = YES_ERROR;
				CLANG_WARN_QUOTED_INCLUDE_IN_FRAMEWORK_HEADER = YES;
				CLANG_WARN_RANGE_LOOP_ANALYSIS = YES;
				CLANG_WARN_STRICT_PROTOTYPES = YES;
				CLANG_WARN_SUSPICIOUS_MOVE = YES;
				CLANG_WARN_UNGUARDED_AVAILABILITY = YES_AGGRESSIVE;
				CLANG_WARN_UNREACHABLE_CODE = YES;
				CLANG_WARN__DUPLICATE_METHOD_MATCH = YES;
				COPY_PHASE_STRIP = NO;
				DEBUG_INFORMATION_FORMAT = "dwarf-with-dsym";
				ENABLE_NS_ASSERTIONS = NO;
				ENABLE_STRICT_OBJC_MSGSEND = YES;
				GCC_C_LANGUAGE_STANDARD = gnu11;
				GCC_NO_COMMON_BLOCKS = YES;
				GCC_WARN_64_TO_32_BIT_CONVERSION = YES;
				GCC_WARN_ABOUT_RETURN_TYPE = YES_ERROR;
				GCC_WARN_UNDECLARED_SELECTOR = YES;
				GCC_WARN_UNINITIALIZED_AUTOS = YES_AGGRESSIVE;
				GCC_WARN_UNUSED_FUNCTION = YES;
				GCC_WARN_UNUSED_VARIABLE = YES;
				IPHONEOS_DEPLOYMENT_TARGET = 15.0;
				MTL_ENABLE_DEBUG_INFO = NO;
				MTL_FAST_MATH = YES;
				SDKROOT = iphoneos;
				SWIFT_COMPILATION_MODE = wholemodule;
				SWIFT_OPTIMIZATION_LEVEL = "-O";
				VALIDATE_PRODUCT = YES;
			};
			name = Release;
		};
		3B8D5A8F273AE25D00EA4C7A /* Debug */ = {
			isa = XCBuildConfiguration;
			baseConfigurationReference = CE6464C98A083382895BA17D /* Pods-GithubUsers.debug.xcconfig */;
			buildSettings = {
				ASSETCATALOG_COMPILER_APPICON_NAME = AppIcon;
				ASSETCATALOG_COMPILER_GLOBAL_ACCENT_COLOR_NAME = AccentColor;
				CODE_SIGN_STYLE = Automatic;
				CURRENT_PROJECT_VERSION = 1;
				GENERATE_INFOPLIST_FILE = YES;
				INFOPLIST_FILE = GithubUsers/Info.plist;
				INFOPLIST_KEY_UIApplicationSupportsIndirectInputEvents = YES;
				INFOPLIST_KEY_UILaunchStoryboardName = LaunchScreen;
				INFOPLIST_KEY_UISupportedInterfaceOrientations_iPad = "UIInterfaceOrientationPortrait UIInterfaceOrientationPortraitUpsideDown UIInterfaceOrientationLandscapeLeft UIInterfaceOrientationLandscapeRight";
				INFOPLIST_KEY_UISupportedInterfaceOrientations_iPhone = "UIInterfaceOrientationPortrait UIInterfaceOrientationLandscapeLeft UIInterfaceOrientationLandscapeRight";
				IPHONEOS_DEPLOYMENT_TARGET = 13.0;
				LD_RUNPATH_SEARCH_PATHS = (
					"$(inherited)",
					"@executable_path/Frameworks",
				);
				MARKETING_VERSION = 1.0;
				PRODUCT_BUNDLE_IDENTIFIER = com.codehappily.GithubUsers;
				PRODUCT_NAME = "$(TARGET_NAME)";
				SWIFT_EMIT_LOC_STRINGS = YES;
				SWIFT_VERSION = 5.0;
				TARGETED_DEVICE_FAMILY = 1;
			};
			name = Debug;
		};
		3B8D5A90273AE25D00EA4C7A /* Release */ = {
			isa = XCBuildConfiguration;
			baseConfigurationReference = BDD460A7A6F7360FF28E60A3 /* Pods-GithubUsers.release.xcconfig */;
			buildSettings = {
				ASSETCATALOG_COMPILER_APPICON_NAME = AppIcon;
				ASSETCATALOG_COMPILER_GLOBAL_ACCENT_COLOR_NAME = AccentColor;
				CODE_SIGN_STYLE = Automatic;
				CURRENT_PROJECT_VERSION = 1;
				GENERATE_INFOPLIST_FILE = YES;
				INFOPLIST_FILE = GithubUsers/Info.plist;
				INFOPLIST_KEY_UIApplicationSupportsIndirectInputEvents = YES;
				INFOPLIST_KEY_UILaunchStoryboardName = LaunchScreen;
				INFOPLIST_KEY_UISupportedInterfaceOrientations_iPad = "UIInterfaceOrientationPortrait UIInterfaceOrientationPortraitUpsideDown UIInterfaceOrientationLandscapeLeft UIInterfaceOrientationLandscapeRight";
				INFOPLIST_KEY_UISupportedInterfaceOrientations_iPhone = "UIInterfaceOrientationPortrait UIInterfaceOrientationLandscapeLeft UIInterfaceOrientationLandscapeRight";
				IPHONEOS_DEPLOYMENT_TARGET = 13.0;
				LD_RUNPATH_SEARCH_PATHS = (
					"$(inherited)",
					"@executable_path/Frameworks",
				);
				MARKETING_VERSION = 1.0;
				PRODUCT_BUNDLE_IDENTIFIER = com.codehappily.GithubUsers;
				PRODUCT_NAME = "$(TARGET_NAME)";
				SWIFT_EMIT_LOC_STRINGS = YES;
				SWIFT_VERSION = 5.0;
				TARGETED_DEVICE_FAMILY = 1;
			};
			name = Release;
		};
		3B8D5A92273AE25D00EA4C7A /* Debug */ = {
			isa = XCBuildConfiguration;
			baseConfigurationReference = 39023C09EF7EE244306AB86F /* Pods-GithubUsersTests.debug.xcconfig */;
			buildSettings = {
				ALWAYS_EMBED_SWIFT_STANDARD_LIBRARIES = YES;
				BUNDLE_LOADER = "$(TEST_HOST)";
				CODE_SIGN_STYLE = Automatic;
				CURRENT_PROJECT_VERSION = 1;
				GENERATE_INFOPLIST_FILE = YES;
				IPHONEOS_DEPLOYMENT_TARGET = 15.0;
				LD_RUNPATH_SEARCH_PATHS = (
					"$(inherited)",
					"@executable_path/Frameworks",
					"@loader_path/Frameworks",
				);
				MARKETING_VERSION = 1.0;
				PRODUCT_BUNDLE_IDENTIFIER = com.codehappily.GithubUsersTests;
				PRODUCT_NAME = "$(TARGET_NAME)";
				SWIFT_EMIT_LOC_STRINGS = NO;
				SWIFT_VERSION = 5.0;
				TARGETED_DEVICE_FAMILY = "1,2";
				TEST_HOST = "$(BUILT_PRODUCTS_DIR)/GithubUsers.app/GithubUsers";
			};
			name = Debug;
		};
		3B8D5A93273AE25D00EA4C7A /* Release */ = {
			isa = XCBuildConfiguration;
			baseConfigurationReference = DD46944840C8FCF7B422F1CA /* Pods-GithubUsersTests.release.xcconfig */;
			buildSettings = {
				ALWAYS_EMBED_SWIFT_STANDARD_LIBRARIES = YES;
				BUNDLE_LOADER = "$(TEST_HOST)";
				CODE_SIGN_STYLE = Automatic;
				CURRENT_PROJECT_VERSION = 1;
				GENERATE_INFOPLIST_FILE = YES;
				IPHONEOS_DEPLOYMENT_TARGET = 15.0;
				LD_RUNPATH_SEARCH_PATHS = (
					"$(inherited)",
					"@executable_path/Frameworks",
					"@loader_path/Frameworks",
				);
				MARKETING_VERSION = 1.0;
				PRODUCT_BUNDLE_IDENTIFIER = com.codehappily.GithubUsersTests;
				PRODUCT_NAME = "$(TARGET_NAME)";
				SWIFT_EMIT_LOC_STRINGS = NO;
				SWIFT_VERSION = 5.0;
				TARGETED_DEVICE_FAMILY = "1,2";
				TEST_HOST = "$(BUILT_PRODUCTS_DIR)/GithubUsers.app/GithubUsers";
			};
			name = Release;
		};
		3B8D5A95273AE25D00EA4C7A /* Debug */ = {
			isa = XCBuildConfiguration;
			baseConfigurationReference = 27C36D2EF6D5C23CD7B700EB /* Pods-GithubUsers-GithubUsersUITests.debug.xcconfig */;
			buildSettings = {
				ALWAYS_EMBED_SWIFT_STANDARD_LIBRARIES = YES;
				CODE_SIGN_STYLE = Automatic;
				CURRENT_PROJECT_VERSION = 1;
				GENERATE_INFOPLIST_FILE = YES;
				LD_RUNPATH_SEARCH_PATHS = (
					"$(inherited)",
					"@executable_path/Frameworks",
					"@loader_path/Frameworks",
				);
				MARKETING_VERSION = 1.0;
				PRODUCT_BUNDLE_IDENTIFIER = com.codehappily.GithubUsersUITests;
				PRODUCT_NAME = "$(TARGET_NAME)";
				SWIFT_EMIT_LOC_STRINGS = NO;
				SWIFT_VERSION = 5.0;
				TARGETED_DEVICE_FAMILY = "1,2";
				TEST_TARGET_NAME = GithubUsers;
			};
			name = Debug;
		};
		3B8D5A96273AE25D00EA4C7A /* Release */ = {
			isa = XCBuildConfiguration;
			baseConfigurationReference = 4ED996C659DB04894066D240 /* Pods-GithubUsers-GithubUsersUITests.release.xcconfig */;
			buildSettings = {
				ALWAYS_EMBED_SWIFT_STANDARD_LIBRARIES = YES;
				CODE_SIGN_STYLE = Automatic;
				CURRENT_PROJECT_VERSION = 1;
				GENERATE_INFOPLIST_FILE = YES;
				LD_RUNPATH_SEARCH_PATHS = (
					"$(inherited)",
					"@executable_path/Frameworks",
					"@loader_path/Frameworks",
				);
				MARKETING_VERSION = 1.0;
				PRODUCT_BUNDLE_IDENTIFIER = com.codehappily.GithubUsersUITests;
				PRODUCT_NAME = "$(TARGET_NAME)";
				SWIFT_EMIT_LOC_STRINGS = NO;
				SWIFT_VERSION = 5.0;
				TARGETED_DEVICE_FAMILY = "1,2";
				TEST_TARGET_NAME = GithubUsers;
			};
			name = Release;
		};
/* End XCBuildConfiguration section */

/* Begin XCConfigurationList section */
		3B8D5A5F273AE25C00EA4C7A /* Build configuration list for PBXProject "GithubUsers" */ = {
			isa = XCConfigurationList;
			buildConfigurations = (
				3B8D5A8C273AE25D00EA4C7A /* Debug */,
				3B8D5A8D273AE25D00EA4C7A /* Release */,
			);
			defaultConfigurationIsVisible = 0;
			defaultConfigurationName = Release;
		};
		3B8D5A8E273AE25D00EA4C7A /* Build configuration list for PBXNativeTarget "GithubUsers" */ = {
			isa = XCConfigurationList;
			buildConfigurations = (
				3B8D5A8F273AE25D00EA4C7A /* Debug */,
				3B8D5A90273AE25D00EA4C7A /* Release */,
			);
			defaultConfigurationIsVisible = 0;
			defaultConfigurationName = Release;
		};
		3B8D5A91273AE25D00EA4C7A /* Build configuration list for PBXNativeTarget "GithubUsersTests" */ = {
			isa = XCConfigurationList;
			buildConfigurations = (
				3B8D5A92273AE25D00EA4C7A /* Debug */,
				3B8D5A93273AE25D00EA4C7A /* Release */,
			);
			defaultConfigurationIsVisible = 0;
			defaultConfigurationName = Release;
		};
		3B8D5A94273AE25D00EA4C7A /* Build configuration list for PBXNativeTarget "GithubUsersUITests" */ = {
			isa = XCConfigurationList;
			buildConfigurations = (
				3B8D5A95273AE25D00EA4C7A /* Debug */,
				3B8D5A96273AE25D00EA4C7A /* Release */,
			);
			defaultConfigurationIsVisible = 0;
			defaultConfigurationName = Release;
		};
/* End XCConfigurationList section */
	};
	rootObject = 3B8D5A5C273AE25C00EA4C7A /* Project object */;
}
